// !$*UTF8*$!
{
	archiveVersion = 1;
	classes = {
	};
	objectVersion = 56;
	objects = {

/* Begin PBXBuildFile section */
		2C4779E62BD59E24004C2281 /* CompanyDetailView.swift in Sources */ = {isa = PBXBuildFile; fileRef = 2C4779E52BD59E24004C2281 /* CompanyDetailView.swift */; };
		2CC086702BDEDC8A00A0F6DB /* NewsDetailModalView.swift in Sources */ = {isa = PBXBuildFile; fileRef = 2CC0866F2BDEDC8A00A0F6DB /* NewsDetailModalView.swift */; };
		2CC086722BE1ADA700A0F6DB /* charts.html in Resources */ = {isa = PBXBuildFile; fileRef = 2CC086712BE1ADA700A0F6DB /* charts.html */; };
		2CC086742BE1EA5400A0F6DB /* charts2.html in Resources */ = {isa = PBXBuildFile; fileRef = 2CC086732BE1EA5400A0F6DB /* charts2.html */; };
		2CC086762BE2EDE700A0F6DB /* charts3.html in Resources */ = {isa = PBXBuildFile; fileRef = 2CC086752BE2EDE700A0F6DB /* charts3.html */; };
		7B0E95AC2BC872AD00F55ECF /* HW4App.swift in Sources */ = {isa = PBXBuildFile; fileRef = 7B0E95AB2BC872AD00F55ECF /* HW4App.swift */; };
		7B0E95AE2BC872AD00F55ECF /* ContentView.swift in Sources */ = {isa = PBXBuildFile; fileRef = 7B0E95AD2BC872AD00F55ECF /* ContentView.swift */; };
		7B0E95B02BC872AE00F55ECF /* Assets.xcassets in Resources */ = {isa = PBXBuildFile; fileRef = 7B0E95AF2BC872AE00F55ECF /* Assets.xcassets */; };
		7B0E95B32BC872AE00F55ECF /* Preview Assets.xcassets in Resources */ = {isa = PBXBuildFile; fileRef = 7B0E95B22BC872AE00F55ECF /* Preview Assets.xcassets */; };
		7B0E95BA2BC8741C00F55ECF /* LaunchScreenView.swift in Sources */ = {isa = PBXBuildFile; fileRef = 7B0E95B92BC8741C00F55ECF /* LaunchScreenView.swift */; };
/* End PBXBuildFile section */

/* Begin PBXFileReference section */
		2C4779E52BD59E24004C2281 /* CompanyDetailView.swift */ = {isa = PBXFileReference; lastKnownFileType = sourcecode.swift; path = CompanyDetailView.swift; sourceTree = "<group>"; };
		2CC0866F2BDEDC8A00A0F6DB /* NewsDetailModalView.swift */ = {isa = PBXFileReference; lastKnownFileType = sourcecode.swift; path = NewsDetailModalView.swift; sourceTree = "<group>"; };
		2CC086712BE1ADA700A0F6DB /* charts.html */ = {isa = PBXFileReference; lastKnownFileType = text.html; path = charts.html; sourceTree = "<group>"; };
		2CC086732BE1EA5400A0F6DB /* charts2.html */ = {isa = PBXFileReference; lastKnownFileType = text.html; path = charts2.html; sourceTree = "<group>"; };
		2CC086752BE2EDE700A0F6DB /* charts3.html */ = {isa = PBXFileReference; lastKnownFileType = text.html; path = charts3.html; sourceTree = "<group>"; };
		7B0E95A82BC872AD00F55ECF /* HW4.app */ = {isa = PBXFileReference; explicitFileType = wrapper.application; includeInIndex = 0; path = HW4.app; sourceTree = BUILT_PRODUCTS_DIR; };
		7B0E95AB2BC872AD00F55ECF /* HW4App.swift */ = {isa = PBXFileReference; lastKnownFileType = sourcecode.swift; path = HW4App.swift; sourceTree = "<group>"; };
		7B0E95AD2BC872AD00F55ECF /* ContentView.swift */ = {isa = PBXFileReference; lastKnownFileType = sourcecode.swift; path = ContentView.swift; sourceTree = "<group>"; };
		7B0E95AF2BC872AE00F55ECF /* Assets.xcassets */ = {isa = PBXFileReference; lastKnownFileType = folder.assetcatalog; path = Assets.xcassets; sourceTree = "<group>"; };
		7B0E95B22BC872AE00F55ECF /* Preview Assets.xcassets */ = {isa = PBXFileReference; lastKnownFileType = folder.assetcatalog; path = "Preview Assets.xcassets"; sourceTree = "<group>"; };
		7B0E95B92BC8741C00F55ECF /* LaunchScreenView.swift */ = {isa = PBXFileReference; lastKnownFileType = sourcecode.swift; path = LaunchScreenView.swift; sourceTree = "<group>"; };
/* End PBXFileReference section */

/* Begin PBXFrameworksBuildPhase section */
		7B0E95A52BC872AC00F55ECF /* Frameworks */ = {
			isa = PBXFrameworksBuildPhase;
			buildActionMask = 2147483647;
			files = (
			);
			runOnlyForDeploymentPostprocessing = 0;
		};
/* End PBXFrameworksBuildPhase section */

/* Begin PBXGroup section */
		7B0E959F2BC872AC00F55ECF = {
			isa = PBXGroup;
			children = (
				7B0E95AA2BC872AD00F55ECF /* HW4 */,
				7B0E95A92BC872AD00F55ECF /* Products */,
			);
			sourceTree = "<group>";
		};
		7B0E95A92BC872AD00F55ECF /* Products */ = {
			isa = PBXGroup;
			children = (
				7B0E95A82BC872AD00F55ECF /* HW4.app */,
			);
			name = Products;
			sourceTree = "<group>";
		};
		7B0E95AA2BC872AD00F55ECF /* HW4 */ = {
			isa = PBXGroup;
			children = (
				2C4779E52BD59E24004C2281 /* CompanyDetailView.swift */,
				7B0E95B92BC8741C00F55ECF /* LaunchScreenView.swift */,
				7B0E95AB2BC872AD00F55ECF /* HW4App.swift */,
				7B0E95AD2BC872AD00F55ECF /* ContentView.swift */,
				2CC0866F2BDEDC8A00A0F6DB /* NewsDetailModalView.swift */,
				7B0E95AF2BC872AE00F55ECF /* Assets.xcassets */,
				7B0E95B12BC872AE00F55ECF /* Preview Content */,
				2CC086712BE1ADA700A0F6DB /* charts.html */,
				2CC086732BE1EA5400A0F6DB /* charts2.html */,
				2CC086752BE2EDE700A0F6DB /* charts3.html */,
			);
			path = HW4;
			sourceTree = "<group>";
		};
		7B0E95B12BC872AE00F55ECF /* Preview Content */ = {
			isa = PBXGroup;
			children = (
				7B0E95B22BC872AE00F55ECF /* Preview Assets.xcassets */,
			);
			path = "Preview Content";
			sourceTree = "<group>";
		};
/* End PBXGroup section */

/* Begin PBXNativeTarget section */
		7B0E95A72BC872AC00F55ECF /* HW4 */ = {
			isa = PBXNativeTarget;
			buildConfigurationList = 7B0E95B62BC872AE00F55ECF /* Build configuration list for PBXNativeTarget "HW4" */;
			buildPhases = (
				7B0E95A42BC872AC00F55ECF /* Sources */,
				7B0E95A52BC872AC00F55ECF /* Frameworks */,
				7B0E95A62BC872AC00F55ECF /* Resources */,
			);
			buildRules = (
			);
			dependencies = (
			);
			name = HW4;
			productName = HW4;
			productReference = 7B0E95A82BC872AD00F55ECF /* HW4.app */;
			productType = "com.apple.product-type.application";
		};
/* End PBXNativeTarget section */

/* Begin PBXProject section */
		7B0E95A02BC872AC00F55ECF /* Project object */ = {
			isa = PBXProject;
			attributes = {
				BuildIndependentTargetsInParallel = 1;
				LastSwiftUpdateCheck = 1530;
				LastUpgradeCheck = 1530;
				TargetAttributes = {
					7B0E95A72BC872AC00F55ECF = {
						CreatedOnToolsVersion = 15.3;
					};
				};
			};
			buildConfigurationList = 7B0E95A32BC872AC00F55ECF /* Build configuration list for PBXProject "HW4" */;
			compatibilityVersion = "Xcode 14.0";
			developmentRegion = en;
			hasScannedForEncodings = 0;
			knownRegions = (
				en,
				Base,
			);
			mainGroup = 7B0E959F2BC872AC00F55ECF;
			productRefGroup = 7B0E95A92BC872AD00F55ECF /* Products */;
			projectDirPath = "";
			projectRoot = "";
			targets = (
				7B0E95A72BC872AC00F55ECF /* HW4 */,
			);
		};
/* End PBXProject section */

/* Begin PBXResourcesBuildPhase section */
		7B0E95A62BC872AC00F55ECF /* Resources */ = {
			isa = PBXResourcesBuildPhase;
			buildActionMask = 2147483647;
			files = (
				7B0E95B32BC872AE00F55ECF /* Preview Assets.xcassets in Resources */,
				7B0E95B02BC872AE00F55ECF /* Assets.xcassets in Resources */,
				2CC086742BE1EA5400A0F6DB /* charts2.html in Resources */,
				2CC086722BE1ADA700A0F6DB /* charts.html in Resources */,
				2CC086762BE2EDE700A0F6DB /* charts3.html in Resources */,
			);
			runOnlyForDeploymentPostprocessing = 0;
		};
/* End PBXResourcesBuildPhase section */

/* Begin PBXSourcesBuildPhase section */
		7B0E95A42BC872AC00F55ECF /* Sources */ = {
			isa = PBXSourcesBuildPhase;
			buildActionMask = 2147483647;
			files = (
				7B0E95AE2BC872AD00F55ECF /* ContentView.swift in Sources */,
				2CC086702BDEDC8A00A0F6DB /* NewsDetailModalView.swift in Sources */,
				7B0E95AC2BC872AD00F55ECF /* HW4App.swift in Sources */,
				7B0E95BA2BC8741C00F55ECF /* LaunchScreenView.swift in Sources */,
				2C4779E62BD59E24004C2281 /* CompanyDetailView.swift in Sources */,
			);
			runOnlyForDeploymentPostprocessing = 0;
		};
/* End PBXSourcesBuildPhase section */

/* Begin XCBuildConfiguration section */
		7B0E95B42BC872AE00F55ECF /* Debug */ = {
			isa = XCBuildConfiguration;
			buildSettings = {
				ALWAYS_SEARCH_USER_PATHS = NO;
				ASSETCATALOG_COMPILER_GENERATE_SWIFT_ASSET_SYMBOL_EXTENSIONS = YES;
				CLANG_ANALYZER_NONNULL = YES;
				CLANG_ANALYZER_NUMBER_OBJECT_CONVERSION = YES_AGGRESSIVE;
				CLANG_CXX_LANGUAGE_STANDARD = "gnu++20";
				CLANG_ENABLE_MODULES = YES;
				CLANG_ENABLE_OBJC_ARC = YES;
				CLANG_ENABLE_OBJC_WEAK = YES;
				CLANG_WARN_BLOCK_CAPTURE_AUTORELEASING = YES;
				CLANG_WARN_BOOL_CONVERSION = YES;
				CLANG_WARN_COMMA = YES;
				CLANG_WARN_CONSTANT_CONVERSION = YES;
				CLANG_WARN_DEPRECATED_OBJC_IMPLEMENTATIONS = YES;
				CLANG_WARN_DIRECT_OBJC_ISA_USAGE = YES_ERROR;
				CLANG_WARN_DOCUMENTATION_COMMENTS = YES;
				CLANG_WARN_EMPTY_BODY = YES;
				CLANG_WARN_ENUM_CONVERSION = YES;
				CLANG_WARN_INFINITE_RECURSION = YES;
				CLANG_WARN_INT_CONVERSION = YES;
				CLANG_WARN_NON_LITERAL_NULL_CONVERSION = YES;
				CLANG_WARN_OBJC_IMPLICIT_RETAIN_SELF = YES;
				CLANG_WARN_OBJC_LITERAL_CONVERSION = YES;
				CLANG_WARN_OBJC_ROOT_CLASS = YES_ERROR;
				CLANG_WARN_QUOTED_INCLUDE_IN_FRAMEWORK_HEADER = YES;
				CLANG_WARN_RANGE_LOOP_ANALYSIS = YES;
				CLANG_WARN_STRICT_PROTOTYPES = YES;
				CLANG_WARN_SUSPICIOUS_MOVE = YES;
				CLANG_WARN_UNGUARDED_AVAILABILITY = YES_AGGRESSIVE;
				CLANG_WARN_UNREACHABLE_CODE = YES;
				CLANG_WARN__DUPLICATE_METHOD_MATCH = YES;
				COPY_PHASE_STRIP = NO;
				DEBUG_INFORMATION_FORMAT = dwarf;
				ENABLE_STRICT_OBJC_MSGSEND = YES;
				ENABLE_TESTABILITY = YES;
				ENABLE_USER_SCRIPT_SANDBOXING = YES;
				GCC_C_LANGUAGE_STANDARD = gnu17;
				GCC_DYNAMIC_NO_PIC = NO;
				GCC_NO_COMMON_BLOCKS = YES;
				GCC_OPTIMIZATION_LEVEL = 0;
				GCC_PREPROCESSOR_DEFINITIONS = (
					"DEBUG=1",
					"$(inherited)",
				);
				GCC_WARN_64_TO_32_BIT_CONVERSION = YES;
				GCC_WARN_ABOUT_RETURN_TYPE = YES_ERROR;
				GCC_WARN_UNDECLARED_SELECTOR = YES;
				GCC_WARN_UNINITIALIZED_AUTOS = YES_AGGRESSIVE;
				GCC_WARN_UNUSED_FUNCTION = YES;
				GCC_WARN_UNUSED_VARIABLE = YES;
				IPHONEOS_DEPLOYMENT_TARGET = 17.4;
				LOCALIZATION_PREFERS_STRING_CATALOGS = YES;
				MTL_ENABLE_DEBUG_INFO = INCLUDE_SOURCE;
				MTL_FAST_MATH = YES;
				ONLY_ACTIVE_ARCH = YES;
				SDKROOT = iphoneos;
				SWIFT_ACTIVE_COMPILATION_CONDITIONS = "DEBUG $(inherited)";
				SWIFT_OPTIMIZATION_LEVEL = "-Onone";
			};
			name = Debug;
		};
		7B0E95B52BC872AE00F55ECF /* Release */ = {
			isa = XCBuildConfiguration;
			buildSettings = {
				ALWAYS_SEARCH_USER_PATHS = NO;
				ASSETCATALOG_COMPILER_GENERATE_SWIFT_ASSET_SYMBOL_EXTENSIONS = YES;
				CLANG_ANALYZER_NONNULL = YES;
				CLANG_ANALYZER_NUMBER_OBJECT_CONVERSION = YES_AGGRESSIVE;
				CLANG_CXX_LANGUAGE_STANDARD = "gnu++20";
				CLANG_ENABLE_MODULES = YES;
				CLANG_ENABLE_OBJC_ARC = YES;
				CLANG_ENABLE_OBJC_WEAK = YES;
				CLANG_WARN_BLOCK_CAPTURE_AUTORELEASING = YES;
				CLANG_WARN_BOOL_CONVERSION = YES;
				CLANG_WARN_COMMA = YES;
				CLANG_WARN_CONSTANT_CONVERSION = YES;
				CLANG_WARN_DEPRECATED_OBJC_IMPLEMENTATIONS = YES;
				CLANG_WARN_DIRECT_OBJC_ISA_USAGE = YES_ERROR;
				CLANG_WARN_DOCUMENTATION_COMMENTS = YES;
				CLANG_WARN_EMPTY_BODY = YES;
				CLANG_WARN_ENUM_CONVERSION = YES;
				CLANG_WARN_INFINITE_RECURSION = YES;
				CLANG_WARN_INT_CONVERSION = YES;
				CLANG_WARN_NON_LITERAL_NULL_CONVERSION = YES;
				CLANG_WARN_OBJC_IMPLICIT_RETAIN_SELF = YES;
				CLANG_WARN_OBJC_LITERAL_CONVERSION = YES;
				CLANG_WARN_OBJC_ROOT_CLASS = YES_ERROR;
				CLANG_WARN_QUOTED_INCLUDE_IN_FRAMEWORK_HEADER = YES;
				CLANG_WARN_RANGE_LOOP_ANALYSIS = YES;
				CLANG_WARN_STRICT_PROTOTYPES = YES;
				CLANG_WARN_SUSPICIOUS_MOVE = YES;
				CLANG_WARN_UNGUARDED_AVAILABILITY = YES_AGGRESSIVE;
				CLANG_WARN_UNREACHABLE_CODE = YES;
				CLANG_WARN__DUPLICATE_METHOD_MATCH = YES;
				COPY_PHASE_STRIP = NO;
				DEBUG_INFORMATION_FORMAT = "dwarf-with-dsym";
				ENABLE_NS_ASSERTIONS = NO;
				ENABLE_STRICT_OBJC_MSGSEND = YES;
				ENABLE_USER_SCRIPT_SANDBOXING = YES;
				GCC_C_LANGUAGE_STANDARD = gnu17;
				GCC_NO_COMMON_BLOCKS = YES;
				GCC_WARN_64_TO_32_BIT_CONVERSION = YES;
				GCC_WARN_ABOUT_RETURN_TYPE = YES_ERROR;
				GCC_WARN_UNDECLARED_SELECTOR = YES;
				GCC_WARN_UNINITIALIZED_AUTOS = YES_AGGRESSIVE;
				GCC_WARN_UNUSED_FUNCTION = YES;
				GCC_WARN_UNUSED_VARIABLE = YES;
				IPHONEOS_DEPLOYMENT_TARGET = 17.4;
				LOCALIZATION_PREFERS_STRING_CATALOGS = YES;
				MTL_ENABLE_DEBUG_INFO = NO;
				MTL_FAST_MATH = YES;
				SDKROOT = iphoneos;
				SWIFT_COMPILATION_MODE = wholemodule;
				VALIDATE_PRODUCT = YES;
			};
			name = Release;
		};
		7B0E95B72BC872AE00F55ECF /* Debug */ = {
			isa = XCBuildConfiguration;
			buildSettings = {
				ASSETCATALOG_COMPILER_APPICON_NAME = AppIcon;
				ASSETCATALOG_COMPILER_GLOBAL_ACCENT_COLOR_NAME = AccentColor;
				CODE_SIGN_STYLE = Automatic;
				CURRENT_PROJECT_VERSION = 1;
				DEVELOPMENT_ASSET_PATHS = "\"HW4/Preview Content\"";
				DEVELOPMENT_TEAM = 7WHZ4FKPTZ;
				ENABLE_PREVIEWS = YES;
				GENERATE_INFOPLIST_FILE = YES;
				INFOPLIST_KEY_UIApplicationSceneManifest_Generation = YES;
				INFOPLIST_KEY_UIApplicationSupportsIndirectInputEvents = YES;
				INFOPLIST_KEY_UILaunchScreen_Generation = YES;
				INFOPLIST_KEY_UISupportedInterfaceOrientations_iPad = "UIInterfaceOrientationPortrait UIInterfaceOrientationPortraitUpsideDown UIInterfaceOrientationLandscapeLeft UIInterfaceOrientationLandscapeRight";
				INFOPLIST_KEY_UISupportedInterfaceOrientations_iPhone = "UIInterfaceOrientationPortrait UIInterfaceOrientationLandscapeLeft UIInterfaceOrientationLandscapeRight";
				LD_RUNPATH_SEARCH_PATHS = (
					"$(inherited)",
					"@executable_path/Frameworks",
				);
				MARKETING_VERSION = 1.0;
				PRODUCT_BUNDLE_IDENTIFIER = stockAPI.HW4;
				PRODUCT_NAME = "$(TARGET_NAME)";
				SWIFT_EMIT_LOC_STRINGS = YES;
				SWIFT_VERSION = 5.0;
				TARGETED_DEVICE_FAMILY = "1,2";
			};
			name = Debug;
		};
		7B0E95B82BC872AE00F55ECF /* Release */ = {
			isa = XCBuildConfiguration;
			buildSettings = {
				ASSETCATALOG_COMPILER_APPICON_NAME = AppIcon;
				ASSETCATALOG_COMPILER_GLOBAL_ACCENT_COLOR_NAME = AccentColor;
				CODE_SIGN_STYLE = Automatic;
				CURRENT_PROJECT_VERSION = 1;
				DEVELOPMENT_ASSET_PATHS = "\"HW4/Preview Content\"";
				DEVELOPMENT_TEAM = 7WHZ4FKPTZ;
				ENABLE_PREVIEWS = YES;
				GENERATE_INFOPLIST_FILE = YES;
				INFOPLIST_KEY_UIApplicationSceneManifest_Generation = YES;
				INFOPLIST_KEY_UIApplicationSupportsIndirectInputEvents = YES;
				INFOPLIST_KEY_UILaunchScreen_Generation = YES;
				INFOPLIST_KEY_UISupportedInterfaceOrientations_iPad = "UIInterfaceOrientationPortrait UIInterfaceOrientationPortraitUpsideDown UIInterfaceOrientationLandscapeLeft UIInterfaceOrientationLandscapeRight";
				INFOPLIST_KEY_UISupportedInterfaceOrientations_iPhone = "UIInterfaceOrientationPortrait UIInterfaceOrientationLandscapeLeft UIInterfaceOrientationLandscapeRight";
				LD_RUNPATH_SEARCH_PATHS = (
					"$(inherited)",
					"@executable_path/Frameworks",
				);
				MARKETING_VERSION = 1.0;
				PRODUCT_BUNDLE_IDENTIFIER = stockAPI.HW4;
				PRODUCT_NAME = "$(TARGET_NAME)";
				SWIFT_EMIT_LOC_STRINGS = YES;
				SWIFT_VERSION = 5.0;
				TARGETED_DEVICE_FAMILY = "1,2";
			};
			name = Release;
		};
/* End XCBuildConfiguration section */

/* Begin XCConfigurationList section */
		7B0E95A32BC872AC00F55ECF /* Build configuration list for PBXProject "HW4" */ = {
			isa = XCConfigurationList;
			buildConfigurations = (
				7B0E95B42BC872AE00F55ECF /* Debug */,
				7B0E95B52BC872AE00F55ECF /* Release */,
			);
			defaultConfigurationIsVisible = 0;
			defaultConfigurationName = Release;
		};
		7B0E95B62BC872AE00F55ECF /* Build configuration list for PBXNativeTarget "HW4" */ = {
			isa = XCConfigurationList;
			buildConfigurations = (
				7B0E95B72BC872AE00F55ECF /* Debug */,
				7B0E95B82BC872AE00F55ECF /* Release */,
			);
			defaultConfigurationIsVisible = 0;
			defaultConfigurationName = Release;
		};
/* End XCConfigurationList section */
	};
	rootObject = 7B0E95A02BC872AC00F55ECF /* Project object */;
}
